github.com/ashishpatel26/500-AI-Machine-learning-Deep-learning-Computer-vision-NLP-Projects-with-code v0.0.0-20210106044351-e25c4f9951d2 h1:7uB1/gcQUyMLMJiGq2w9yhflypnEIHfETzJU6VsweRg=
github.com/ashishpatel26/500-AI-Machine-learning-Deep-learning-Computer-vision-NLP-Projects-with-code v0.0.0-20210106044351-e25c4f9951d2/go.mod h1:qeG7YxRH1D5hJ3Jt0canrqfnyWUvr0M3KOCWOzSiZWw=
